
Microsoft Visual Studio Solution File, Format Version 12.00
# Visual Studio Version 17
VisualStudioVersion = 17.0.31903.59
MinimumVisualStudioVersion = 10.0.40219.1
Project("{2150E333-8FDC-42A3-9474-1A3956D46DE8}") = "1 - Domain", "1 - Domain", "{520A497B-58E1-4EFD-9628-752BDD5F4F0B}"
EndProject
Project("{2150E333-8FDC-42A3-9474-1A3956D46DE8}") = "4.1 - Infra", "4.1 - Infra", "{4D474F81-E689-4341-A534-53B08744C687}"
EndProject
Project("{2150E333-8FDC-42A3-9474-1A3956D46DE8}") = "4.2 - Presentation", "4.2 - Presentation", "{358A0580-B52A-4B6D-AD27-5940884FA785}"
EndProject
Project("{2150E333-8FDC-42A3-9474-1A3956D46DE8}") = "3 - Application", "3 - Application", "{2A897FCC-E555-4477-8F29-C66199B58411}"
EndProject
Project("{9A19103F-16F7-4668-BE54-9A1E7A4F7556}") = "Pottencial.Teste.Domain", "Pottencial.Teste.Domain\Pottencial.Teste.Domain.csproj", "{E8F34A0F-C01A-4E73-BC85-ADBEFA581C59}"
EndProject
Project("{9A19103F-16F7-4668-BE54-9A1E7A4F7556}") = "Pottencial.Teste.Infra.Data", "Pottencial.Teste.Infra.Data\Pottencial.Teste.Infra.Data.csproj", "{0CFEB0D6-E577-4967-A93F-730F4AD4D056}"
EndProject
Project("{9A19103F-16F7-4668-BE54-9A1E7A4F7556}") = "Pottencial.Teste.Presentation.Api", "Pottencial.Teste.Presentation.Api\Pottencial.Teste.Presentation.Api.csproj", "{34D01006-1DF7-418D-94E4-0DA4CC03262B}"
EndProject
Project("{9A19103F-16F7-4668-BE54-9A1E7A4F7556}") = "Pottencial.Teste.Infra.IoC", "Pottencial.Teste.Infra.IoC\Pottencial.Teste.Infra.IoC.csproj", "{76D0E52E-BA9A-471D-B9BE-3BE74719490D}"
EndProject
Project("{9A19103F-16F7-4668-BE54-9A1E7A4F7556}") = "Pottencial.Teste.Application", "Pottencial.Teste.Application\Pottencial.Teste.Application.csproj", "{338DE33B-B29C-4B0E-AF0D-C22C1E21AA49}"
EndProject
Project("{2150E333-8FDC-42A3-9474-1A3956D46DE8}") = "2 - DomainServices", "2 - DomainServices", "{8CE2F2DE-5035-4A43-94B0-18D7CD3C2BBE}"
EndProject
Project("{9A19103F-16F7-4668-BE54-9A1E7A4F7556}") = "Pottencial.Teste.DomainService", "Pottencial.Teste.DomainServices\Pottencial.Teste.DomainService.csproj", "{E3F02B78-9137-4B2B-A9E5-795F47F1BCF8}"
EndProject
Project("{2150E333-8FDC-42A3-9474-1A3956D46DE8}") = "4.3 -  Tests", "4.3 -  Tests", "{BCA8D8AA-770B-4DC7-B8B2-495A1F926154}"
EndProject
Project("{FAE04EC0-301F-11D3-BF4B-00C04F79EFBC}") = "Pottencial.Teste.Tests", "Pottencial.Teste.Tests\Pottencial.Teste.Tests.csproj", "{33A1F466-A938-4C2B-BE23-78AFBE549275}"
EndProject
Global
	GlobalSection(SolutionConfigurationPlatforms) = preSolution
		Debug|Any CPU = Debug|Any CPU
		Release|Any CPU = Release|Any CPU
	EndGlobalSection
	GlobalSection(ProjectConfigurationPlatforms) = postSolution
		{E8F34A0F-C01A-4E73-BC85-ADBEFA581C59}.Debug|Any CPU.ActiveCfg = Debug|Any CPU
		{E8F34A0F-C01A-4E73-BC85-ADBEFA581C59}.Debug|Any CPU.Build.0 = Debug|Any CPU
		{E8F34A0F-C01A-4E73-BC85-ADBEFA581C59}.Release|Any CPU.ActiveCfg = Release|Any CPU
		{E8F34A0F-C01A-4E73-BC85-ADBEFA581C59}.Release|Any CPU.Build.0 = Release|Any CPU
		{0CFEB0D6-E577-4967-A93F-730F4AD4D056}.Debug|Any CPU.ActiveCfg = Debug|Any CPU
		{0CFEB0D6-E577-4967-A93F-730F4AD4D056}.Debug|Any CPU.Build.0 = Debug|Any CPU
		{0CFEB0D6-E577-4967-A93F-730F4AD4D056}.Release|Any CPU.ActiveCfg = Release|Any CPU
		{0CFEB0D6-E577-4967-A93F-730F4AD4D056}.Release|Any CPU.Build.0 = Release|Any CPU
		{34D01006-1DF7-418D-94E4-0DA4CC03262B}.Debug|Any CPU.ActiveCfg = Debug|Any CPU
		{34D01006-1DF7-418D-94E4-0DA4CC03262B}.Debug|Any CPU.Build.0 = Debug|Any CPU
		{34D01006-1DF7-418D-94E4-0DA4CC03262B}.Release|Any CPU.ActiveCfg = Release|Any CPU
		{34D01006-1DF7-418D-94E4-0DA4CC03262B}.Release|Any CPU.Build.0 = Release|Any CPU
		{76D0E52E-BA9A-471D-B9BE-3BE74719490D}.Debug|Any CPU.ActiveCfg = Debug|Any CPU
		{76D0E52E-BA9A-471D-B9BE-3BE74719490D}.Debug|Any CPU.Build.0 = Debug|Any CPU
		{76D0E52E-BA9A-471D-B9BE-3BE74719490D}.Release|Any CPU.ActiveCfg = Release|Any CPU
		{76D0E52E-BA9A-471D-B9BE-3BE74719490D}.Release|Any CPU.Build.0 = Release|Any CPU
		{338DE33B-B29C-4B0E-AF0D-C22C1E21AA49}.Debug|Any CPU.ActiveCfg = Debug|Any CPU
		{338DE33B-B29C-4B0E-AF0D-C22C1E21AA49}.Debug|Any CPU.Build.0 = Debug|Any CPU
		{338DE33B-B29C-4B0E-AF0D-C22C1E21AA49}.Release|Any CPU.ActiveCfg = Release|Any CPU
		{338DE33B-B29C-4B0E-AF0D-C22C1E21AA49}.Release|Any CPU.Build.0 = Release|Any CPU
		{E3F02B78-9137-4B2B-A9E5-795F47F1BCF8}.Debug|Any CPU.ActiveCfg = Debug|Any CPU
		{E3F02B78-9137-4B2B-A9E5-795F47F1BCF8}.Debug|Any CPU.Build.0 = Debug|Any CPU
		{E3F02B78-9137-4B2B-A9E5-795F47F1BCF8}.Release|Any CPU.ActiveCfg = Release|Any CPU
		{E3F02B78-9137-4B2B-A9E5-795F47F1BCF8}.Release|Any CPU.Build.0 = Release|Any CPU
		{33A1F466-A938-4C2B-BE23-78AFBE549275}.Debug|Any CPU.ActiveCfg = Debug|Any CPU
		{33A1F466-A938-4C2B-BE23-78AFBE549275}.Debug|Any CPU.Build.0 = Debug|Any CPU
		{33A1F466-A938-4C2B-BE23-78AFBE549275}.Release|Any CPU.ActiveCfg = Release|Any CPU
		{33A1F466-A938-4C2B-BE23-78AFBE549275}.Release|Any CPU.Build.0 = Release|Any CPU
	EndGlobalSection
	GlobalSection(SolutionProperties) = preSolution
		HideSolutionNode = FALSE
	EndGlobalSection
	GlobalSection(NestedProjects) = preSolution
		{E8F34A0F-C01A-4E73-BC85-ADBEFA581C59} = {520A497B-58E1-4EFD-9628-752BDD5F4F0B}
		{0CFEB0D6-E577-4967-A93F-730F4AD4D056} = {4D474F81-E689-4341-A534-53B08744C687}
		{34D01006-1DF7-418D-94E4-0DA4CC03262B} = {358A0580-B52A-4B6D-AD27-5940884FA785}
		{76D0E52E-BA9A-471D-B9BE-3BE74719490D} = {4D474F81-E689-4341-A534-53B08744C687}
		{338DE33B-B29C-4B0E-AF0D-C22C1E21AA49} = {2A897FCC-E555-4477-8F29-C66199B58411}
		{E3F02B78-9137-4B2B-A9E5-795F47F1BCF8} = {8CE2F2DE-5035-4A43-94B0-18D7CD3C2BBE}
		{33A1F466-A938-4C2B-BE23-78AFBE549275} = {BCA8D8AA-770B-4DC7-B8B2-495A1F926154}
	EndGlobalSection
	GlobalSection(ExtensibilityGlobals) = postSolution
		SolutionGuid = {0258977E-E04A-4647-9F78-8B8CCDDDEDB0}
	EndGlobalSection
EndGlobal
